
Microsoft Visual Studio Solution File, Format Version 12.00
# Visual Studio 14
VisualStudioVersion = 14.0.25420.1
MinimumVisualStudioVersion = 10.0.40219.1
Project("{FAE04EC0-301F-11D3-BF4B-00C04F79EFBC}") = "Dias de Semana (Array)", "Dias de Semana (Array)\Dias de Semana (Array).csproj", "{3791BF0F-FF70-438D-B92C-DCD9A8C78902}"
EndProject
Global
	GlobalSection(SolutionConfigurationPlatforms) = preSolution
		Debug|Any CPU = Debug|Any CPU
		Release|Any CPU = Release|Any CPU
	EndGlobalSection
	GlobalSection(ProjectConfigurationPlatforms) = postSolution
		{3791BF0F-FF70-438D-B92C-DCD9A8C78902}.Debug|Any CPU.ActiveCfg = Debug|Any CPU
		{3791BF0F-FF70-438D-B92C-DCD9A8C78902}.Debug|Any CPU.Build.0 = Debug|Any CPU
		{3791BF0F-FF70-438D-B92C-DCD9A8C78902}.Release|Any CPU.ActiveCfg = Release|Any CPU
		{3791BF0F-FF70-438D-B92C-DCD9A8C78902}.Release|Any CPU.Build.0 = Release|Any CPU
	EndGlobalSection
	GlobalSection(SolutionProperties) = preSolution
		HideSolutionNode = FALSE
	EndGlobalSection
EndGlobal
